
Microsoft Visual Studio Solution File, Format Version 12.00
# Visual Studio Version 17
VisualStudioVersion = 17.9.34902.65
MinimumVisualStudioVersion = 10.0.40219.1
Project("{888888A0-9F3D-457C-B088-3A5042F75D52}") = "ChatGPT_IntractWebpage", "ChatGPT_IntractWebpage\ChatGPT_IntractWebpage.pyproj", "{98D8CB54-AC68-4408-9007-6AF2B261FA3F}"
EndProject
Global
	GlobalSection(SolutionConfigurationPlatforms) = preSolution
		Debug|Any CPU = Debug|Any CPU
		Release|Any CPU = Release|Any CPU
	EndGlobalSection
	GlobalSection(ProjectConfigurationPlatforms) = postSolution
		{98D8CB54-AC68-4408-9007-6AF2B261FA3F}.Debug|Any CPU.ActiveCfg = Debug|Any CPU
		{98D8CB54-AC68-4408-9007-6AF2B261FA3F}.Release|Any CPU.ActiveCfg = Release|Any CPU
	EndGlobalSection
	GlobalSection(SolutionProperties) = preSolution
		HideSolutionNode = FALSE
	EndGlobalSection
	GlobalSection(ExtensibilityGlobals) = postSolution
		SolutionGuid = {575663B5-D959-41F6-AE8D-9AC2040E48CC}
	EndGlobalSection
EndGlobal
